// !$*UTF8*$!
{
	archiveVersion = 1;
	classes = {
	};
	objectVersion = 50;
	objects = {

/* Begin PBXBuildFile section */
		2F22CB2722409055008D9597 /* AppDelegate.m in Sources */ = {isa = PBXBuildFile; fileRef = 2F22CB2622409055008D9597 /* AppDelegate.m */; };
		2F22CB2A22409055008D9597 /* ViewController.m in Sources */ = {isa = PBXBuildFile; fileRef = 2F22CB2922409055008D9597 /* ViewController.m */; };
		2F22CB2D22409055008D9597 /* Main.storyboard in Resources */ = {isa = PBXBuildFile; fileRef = 2F22CB2B22409055008D9597 /* Main.storyboard */; };
		2F22CB2F22409056008D9597 /* Assets.xcassets in Resources */ = {isa = PBXBuildFile; fileRef = 2F22CB2E22409056008D9597 /* Assets.xcassets */; };
		2F22CB3222409056008D9597 /* LaunchScreen.storyboard in Resources */ = {isa = PBXBuildFile; fileRef = 2F22CB3022409056008D9597 /* LaunchScreen.storyboard */; };
		2F22CB3522409056008D9597 /* main.m in Sources */ = {isa = PBXBuildFile; fileRef = 2F22CB3422409056008D9597 /* main.m */; };
		2F22CB3F22409056008D9597 /* TestTests.m in Sources */ = {isa = PBXBuildFile; fileRef = 2F22CB3E22409056008D9597 /* TestTests.m */; };
		2F22CB4A22409056008D9597 /* TestUITests.m in Sources */ = {isa = PBXBuildFile; fileRef = 2F22CB4922409056008D9597 /* TestUITests.m */; };
/* End PBXBuildFile section */

/* Begin PBXContainerItemProxy section */
		2F22CB3B22409056008D9597 /* PBXContainerItemProxy */ = {
			isa = PBXContainerItemProxy;
			containerPortal = 2F22CB1A22409054008D9597 /* Project object */;
			proxyType = 1;
			remoteGlobalIDString = 2F22CB2122409055008D9597;
			remoteInfo = Test;
		};
		2F22CB4622409056008D9597 /* PBXContainerItemProxy */ = {
			isa = PBXContainerItemProxy;
			containerPortal = 2F22CB1A22409054008D9597 /* Project object */;
			proxyType = 1;
			remoteGlobalIDString = 2F22CB2122409055008D9597;
			remoteInfo = Test;
		};
/* End PBXContainerItemProxy section */

/* Begin PBXFileReference section */
		2F22CB2222409055008D9597 /* Test.app */ = {isa = PBXFileReference; explicitFileType = wrapper.application; includeInIndex = 0; path = Test.app; sourceTree = BUILT_PRODUCTS_DIR; };
		2F22CB2522409055008D9597 /* AppDelegate.h */ = {isa = PBXFileReference; lastKnownFileType = sourcecode.c.h; path = AppDelegate.h; sourceTree = "<group>"; };
		2F22CB2622409055008D9597 /* AppDelegate.m */ = {isa = PBXFileReference; lastKnownFileType = sourcecode.c.objc; path = AppDelegate.m; sourceTree = "<group>"; };
		2F22CB2822409055008D9597 /* ViewController.h */ = {isa = PBXFileReference; lastKnownFileType = sourcecode.c.h; path = ViewController.h; sourceTree = "<group>"; };
		2F22CB2922409055008D9597 /* ViewController.m */ = {isa = PBXFileReference; lastKnownFileType = sourcecode.c.objc; path = ViewController.m; sourceTree = "<group>"; };
		2F22CB2C22409055008D9597 /* Base */ = {isa = PBXFileReference; lastKnownFileType = file.storyboard; name = Base; path = Base.lproj/Main.storyboard; sourceTree = "<group>"; };
		2F22CB2E22409056008D9597 /* Assets.xcassets */ = {isa = PBXFileReference; lastKnownFileType = folder.assetcatalog; path = Assets.xcassets; sourceTree = "<group>"; };
		2F22CB3122409056008D9597 /* Base */ = {isa = PBXFileReference; lastKnownFileType = file.storyboard; name = Base; path = Base.lproj/LaunchScreen.storyboard; sourceTree = "<group>"; };
		2F22CB3322409056008D9597 /* Info.plist */ = {isa = PBXFileReference; lastKnownFileType = text.plist.xml; path = Info.plist; sourceTree = "<group>"; };
		2F22CB3422409056008D9597 /* main.m */ = {isa = PBXFileReference; lastKnownFileType = sourcecode.c.objc; path = main.m; sourceTree = "<group>"; };
		2F22CB3A22409056008D9597 /* TestTests.xctest */ = {isa = PBXFileReference; explicitFileType = wrapper.cfbundle; includeInIndex = 0; path = TestTests.xctest; sourceTree = BUILT_PRODUCTS_DIR; };
		2F22CB3E22409056008D9597 /* TestTests.m */ = {isa = PBXFileReference; lastKnownFileType = sourcecode.c.objc; path = TestTests.m; sourceTree = "<group>"; };
		2F22CB4022409056008D9597 /* Info.plist */ = {isa = PBXFileReference; lastKnownFileType = text.plist.xml; path = Info.plist; sourceTree = "<group>"; };
		2F22CB4522409056008D9597 /* TestUITests.xctest */ = {isa = PBXFileReference; explicitFileType = wrapper.cfbundle; includeInIndex = 0; path = TestUITests.xctest; sourceTree = BUILT_PRODUCTS_DIR; };
		2F22CB4922409056008D9597 /* TestUITests.m */ = {isa = PBXFileReference; lastKnownFileType = sourcecode.c.objc; path = TestUITests.m; sourceTree = "<group>"; };
		2F22CB4B22409056008D9597 /* Info.plist */ = {isa = PBXFileReference; lastKnownFileType = text.plist.xml; path = Info.plist; sourceTree = "<group>"; };
/* End PBXFileReference section */

/* Begin PBXFrameworksBuildPhase section */
		2F22CB1F22409055008D9597 /* Frameworks */ = {
			isa = PBXFrameworksBuildPhase;
			buildActionMask = 2147483647;
			files = (
			);
			runOnlyForDeploymentPostprocessing = 0;
		};
		2F22CB3722409056008D9597 /* Frameworks */ = {
			isa = PBXFrameworksBuildPhase;
			buildActionMask = 2147483647;
			files = (
			);
			runOnlyForDeploymentPostprocessing = 0;
		};
		2F22CB4222409056008D9597 /* Frameworks */ = {
			isa = PBXFrameworksBuildPhase;
			buildActionMask = 2147483647;
			files = (
			);
			runOnlyForDeploymentPostprocessing = 0;
		};
/* End PBXFrameworksBuildPhase section */

/* Begin PBXGroup section */
		2F22CB1922409054008D9597 = {
			isa = PBXGroup;
			children = (
				2F22CB2422409055008D9597 /* Test */,
				2F22CB3D22409056008D9597 /* TestTests */,
				2F22CB4822409056008D9597 /* TestUITests */,
				2F22CB2322409055008D9597 /* Products */,
			);
			sourceTree = "<group>";
		};
		2F22CB2322409055008D9597 /* Products */ = {
			isa = PBXGroup;
			children = (
				2F22CB2222409055008D9597 /* Test.app */,
				2F22CB3A22409056008D9597 /* TestTests.xctest */,
				2F22CB4522409056008D9597 /* TestUITests.xctest */,
			);
			name = Products;
			sourceTree = "<group>";
		};
		2F22CB2422409055008D9597 /* Test */ = {
			isa = PBXGroup;
			children = (
				2F22CB2522409055008D9597 /* AppDelegate.h */,
				2F22CB2622409055008D9597 /* AppDelegate.m */,
				2F22CB2822409055008D9597 /* ViewController.h */,
				2F22CB2922409055008D9597 /* ViewController.m */,
				2F22CB2B22409055008D9597 /* Main.storyboard */,
				2F22CB2E22409056008D9597 /* Assets.xcassets */,
				2F22CB3022409056008D9597 /* LaunchScreen.storyboard */,
				2F22CB3322409056008D9597 /* Info.plist */,
				2F22CB3422409056008D9597 /* main.m */,
			);
			path = Test;
			sourceTree = "<group>";
		};
		2F22CB3D22409056008D9597 /* TestTests */ = {
			isa = PBXGroup;
			children = (
				2F22CB3E22409056008D9597 /* TestTests.m */,
				2F22CB4022409056008D9597 /* Info.plist */,
			);
			path = TestTests;
			sourceTree = "<group>";
		};
		2F22CB4822409056008D9597 /* TestUITests */ = {
			isa = PBXGroup;
			children = (
				2F22CB4922409056008D9597 /* TestUITests.m */,
				2F22CB4B22409056008D9597 /* Info.plist */,
			);
			path = TestUITests;
			sourceTree = "<group>";
		};
/* End PBXGroup section */

/* Begin PBXNativeTarget section */
		2F22CB2122409055008D9597 /* Test */ = {
			isa = PBXNativeTarget;
			buildConfigurationList = 2F22CB4E22409056008D9597 /* Build configuration list for PBXNativeTarget "Test" */;
			buildPhases = (
				2F22CB1E22409055008D9597 /* Sources */,
				2F22CB1F22409055008D9597 /* Frameworks */,
				2F22CB2022409055008D9597 /* Resources */,
			);
			buildRules = (
			);
			dependencies = (
			);
			name = Test;
			productName = Test;
			productReference = 2F22CB2222409055008D9597 /* Test.app */;
			productType = "com.apple.product-type.application";
		};
		2F22CB3922409056008D9597 /* TestTests */ = {
			isa = PBXNativeTarget;
			buildConfigurationList = 2F22CB5122409056008D9597 /* Build configuration list for PBXNativeTarget "TestTests" */;
			buildPhases = (
				2F22CB3622409056008D9597 /* Sources */,
				2F22CB3722409056008D9597 /* Frameworks */,
				2F22CB3822409056008D9597 /* Resources */,
			);
			buildRules = (
			);
			dependencies = (
				2F22CB3C22409056008D9597 /* PBXTargetDependency */,
			);
			name = TestTests;
			productName = TestTests;
			productReference = 2F22CB3A22409056008D9597 /* TestTests.xctest */;
			productType = "com.apple.product-type.bundle.unit-test";
		};
		2F22CB4422409056008D9597 /* TestUITests */ = {
			isa = PBXNativeTarget;
			buildConfigurationList = 2F22CB5422409056008D9597 /* Build configuration list for PBXNativeTarget "TestUITests" */;
			buildPhases = (
				2F22CB4122409056008D9597 /* Sources */,
				2F22CB4222409056008D9597 /* Frameworks */,
				2F22CB4322409056008D9597 /* Resources */,
			);
			buildRules = (
			);
			dependencies = (
				2F22CB4722409056008D9597 /* PBXTargetDependency */,
			);
			name = TestUITests;
			productName = TestUITests;
			productReference = 2F22CB4522409056008D9597 /* TestUITests.xctest */;
			productType = "com.apple.product-type.bundle.ui-testing";
		};
/* End PBXNativeTarget section */

/* Begin PBXProject section */
		2F22CB1A22409054008D9597 /* Project object */ = {
			isa = PBXProject;
			attributes = {
				LastUpgradeCheck = 1010;
				ORGANIZATIONNAME = iCodeWoods;
				TargetAttributes = {
					2F22CB2122409055008D9597 = {
						CreatedOnToolsVersion = 10.1;
					};
					2F22CB3922409056008D9597 = {
						CreatedOnToolsVersion = 10.1;
						TestTargetID = 2F22CB2122409055008D9597;
					};
					2F22CB4422409056008D9597 = {
						CreatedOnToolsVersion = 10.1;
						TestTargetID = 2F22CB2122409055008D9597;
					};
				};
			};
			buildConfigurationList = 2F22CB1D22409054008D9597 /* Build configuration list for PBXProject "Test" */;
			compatibilityVersion = "Xcode 9.3";
			developmentRegion = en;
			hasScannedForEncodings = 0;
			knownRegions = (
				en,
				Base,
			);
			mainGroup = 2F22CB1922409054008D9597;
			productRefGroup = 2F22CB2322409055008D9597 /* Products */;
			projectDirPath = "";
			projectRoot = "";
			targets = (
				2F22CB2122409055008D9597 /* Test */,
				2F22CB3922409056008D9597 /* TestTests */,
				2F22CB4422409056008D9597 /* TestUITests */,
			);
		};
/* End PBXProject section */

/* Begin PBXResourcesBuildPhase section */
		2F22CB2022409055008D9597 /* Resources */ = {
			isa = PBXResourcesBuildPhase;
			buildActionMask = 2147483647;
			files = (
				2F22CB3222409056008D9597 /* LaunchScreen.storyboard in Resources */,
				2F22CB2F22409056008D9597 /* Assets.xcassets in Resources */,
				2F22CB2D22409055008D9597 /* Main.storyboard in Resources */,
			);
			runOnlyForDeploymentPostprocessing = 0;
		};
		2F22CB3822409056008D9597 /* Resources */ = {
			isa = PBXResourcesBuildPhase;
			buildActionMask = 2147483647;
			files = (
			);
			runOnlyForDeploymentPostprocessing = 0;
		};
		2F22CB4322409056008D9597 /* Resources */ = {
			isa = PBXResourcesBuildPhase;
			buildActionMask = 2147483647;
			files = (
			);
			runOnlyForDeploymentPostprocessing = 0;
		};
/* End PBXResourcesBuildPhase section */

/* Begin PBXSourcesBuildPhase section */
		2F22CB1E22409055008D9597 /* Sources */ = {
			isa = PBXSourcesBuildPhase;
			buildActionMask = 2147483647;
			files = (
				2F22CB2A22409055008D9597 /* ViewController.m in Sources */,
				2F22CB3522409056008D9597 /* main.m in Sources */,
				2F22CB2722409055008D9597 /* AppDelegate.m in Sources */,
			);
			runOnlyForDeploymentPostprocessing = 0;
		};
		2F22CB3622409056008D9597 /* Sources */ = {
			isa = PBXSourcesBuildPhase;
			buildActionMask = 2147483647;
			files = (
				2F22CB3F22409056008D9597 /* TestTests.m in Sources */,
			);
			runOnlyForDeploymentPostprocessing = 0;
		};
		2F22CB4122409056008D9597 /* Sources */ = {
			isa = PBXSourcesBuildPhase;
			buildActionMask = 2147483647;
			files = (
				2F22CB4A22409056008D9597 /* TestUITests.m in Sources */,
			);
			runOnlyForDeploymentPostprocessing = 0;
		};
/* End PBXSourcesBuildPhase section */

/* Begin PBXTargetDependency section */
		2F22CB3C22409056008D9597 /* PBXTargetDependency */ = {
			isa = PBXTargetDependency;
			target = 2F22CB2122409055008D9597 /* Test */;
			targetProxy = 2F22CB3B22409056008D9597 /* PBXContainerItemProxy */;
		};
		2F22CB4722409056008D9597 /* PBXTargetDependency */ = {
			isa = PBXTargetDependency;
			target = 2F22CB2122409055008D9597 /* Test */;
			targetProxy = 2F22CB4622409056008D9597 /* PBXContainerItemProxy */;
		};
/* End PBXTargetDependency section */

/* Begin PBXVariantGroup section */
		2F22CB2B22409055008D9597 /* Main.storyboard */ = {
			isa = PBXVariantGroup;
			children = (
				2F22CB2C22409055008D9597 /* Base */,
			);
			name = Main.storyboard;
			sourceTree = "<group>";
		};
		2F22CB3022409056008D9597 /* LaunchScreen.storyboard */ = {
			isa = PBXVariantGroup;
			children = (
				2F22CB3122409056008D9597 /* Base */,
			);
			name = LaunchScreen.storyboard;
			sourceTree = "<group>";
		};
/* End PBXVariantGroup section */

/* Begin XCBuildConfiguration section */
		2F22CB4C22409056008D9597 /* Debug */ = {
			isa = XCBuildConfiguration;
			buildSettings = {
				ALWAYS_SEARCH_USER_PATHS = NO;
				CLANG_ANALYZER_NONNULL = YES;
				CLANG_ANALYZER_NUMBER_OBJECT_CONVERSION = YES_AGGRESSIVE;
				CLANG_CXX_LANGUAGE_STANDARD = "gnu++14";
				CLANG_CXX_LIBRARY = "libc++";
				CLANG_ENABLE_MODULES = YES;
				CLANG_ENABLE_OBJC_ARC = YES;
				CLANG_ENABLE_OBJC_WEAK = YES;
				CLANG_WARN_BLOCK_CAPTURE_AUTORELEASING = YES;
				CLANG_WARN_BOOL_CONVERSION = YES;
				CLANG_WARN_COMMA = YES;
				CLANG_WARN_CONSTANT_CONVERSION = YES;
				CLANG_WARN_DEPRECATED_OBJC_IMPLEMENTATIONS = YES;
				CLANG_WARN_DIRECT_OBJC_ISA_USAGE = YES_ERROR;
				CLANG_WARN_DOCUMENTATION_COMMENTS = YES;
				CLANG_WARN_EMPTY_BODY = YES;
				CLANG_WARN_ENUM_CONVERSION = YES;
				CLANG_WARN_INFINITE_RECURSION = YES;
				CLANG_WARN_INT_CONVERSION = YES;
				CLANG_WARN_NON_LITERAL_NULL_CONVERSION = YES;
				CLANG_WARN_OBJC_IMPLICIT_RETAIN_SELF = YES;
				CLANG_WARN_OBJC_LITERAL_CONVERSION = YES;
				CLANG_WARN_OBJC_ROOT_CLASS = YES_ERROR;
				CLANG_WARN_RANGE_LOOP_ANALYSIS = YES;
				CLANG_WARN_STRICT_PROTOTYPES = YES;
				CLANG_WARN_SUSPICIOUS_MOVE = YES;
				CLANG_WARN_UNGUARDED_AVAILABILITY = YES_AGGRESSIVE;
				CLANG_WARN_UNREACHABLE_CODE = YES;
				CLANG_WARN__DUPLICATE_METHOD_MATCH = YES;
				CODE_SIGN_IDENTITY = "iPhone Developer";
				COPY_PHASE_STRIP = NO;
				DEBUG_INFORMATION_FORMAT = dwarf;
				ENABLE_STRICT_OBJC_MSGSEND = YES;
				ENABLE_TESTABILITY = YES;
				GCC_C_LANGUAGE_STANDARD = gnu11;
				GCC_DYNAMIC_NO_PIC = NO;
				GCC_NO_COMMON_BLOCKS = YES;
				GCC_OPTIMIZATION_LEVEL = 0;
				GCC_PREPROCESSOR_DEFINITIONS = (
					"DEBUG=1",
					"$(inherited)",
				);
				GCC_WARN_64_TO_32_BIT_CONVERSION = YES;
				GCC_WARN_ABOUT_RETURN_TYPE = YES_ERROR;
				GCC_WARN_UNDECLARED_SELECTOR = YES;
				GCC_WARN_UNINITIALIZED_AUTOS = YES_AGGRESSIVE;
				GCC_WARN_UNUSED_FUNCTION = YES;
				GCC_WARN_UNUSED_VARIABLE = YES;
				IPHONEOS_DEPLOYMENT_TARGET = 12.1;
				MTL_ENABLE_DEBUG_INFO = INCLUDE_SOURCE;
				MTL_FAST_MATH = YES;
				ONLY_ACTIVE_ARCH = YES;
				SDKROOT = iphoneos;
			};
			name = Debug;
		};
		2F22CB4D22409056008D9597 /* Release */ = {
			isa = XCBuildConfiguration;
			buildSettings = {
				ALWAYS_SEARCH_USER_PATHS = NO;
				CLANG_ANALYZER_NONNULL = YES;
				CLANG_ANALYZER_NUMBER_OBJECT_CONVERSION = YES_AGGRESSIVE;
				CLANG_CXX_LANGUAGE_STANDARD = "gnu++14";
				CLANG_CXX_LIBRARY = "libc++";
				CLANG_ENABLE_MODULES = YES;
				CLANG_ENABLE_OBJC_ARC = YES;
				CLANG_ENABLE_OBJC_WEAK = YES;
				CLANG_WARN_BLOCK_CAPTURE_AUTORELEASING = YES;
				CLANG_WARN_BOOL_CONVERSION = YES;
				CLANG_WARN_COMMA = YES;
				CLANG_WARN_CONSTANT_CONVERSION = YES;
				CLANG_WARN_DEPRECATED_OBJC_IMPLEMENTATIONS = YES;
				CLANG_WARN_DIRECT_OBJC_ISA_USAGE = YES_ERROR;
				CLANG_WARN_DOCUMENTATION_COMMENTS = YES;
				CLANG_WARN_EMPTY_BODY = YES;
				CLANG_WARN_ENUM_CONVERSION = YES;
				CLANG_WARN_INFINITE_RECURSION = YES;
				CLANG_WARN_INT_CONVERSION = YES;
				CLANG_WARN_NON_LITERAL_NULL_CONVERSION = YES;
				CLANG_WARN_OBJC_IMPLICIT_RETAIN_SELF = YES;
				CLANG_WARN_OBJC_LITERAL_CONVERSION = YES;
				CLANG_WARN_OBJC_ROOT_CLASS = YES_ERROR;
				CLANG_WARN_RANGE_LOOP_ANALYSIS = YES;
				CLANG_WARN_STRICT_PROTOTYPES = YES;
				CLANG_WARN_SUSPICIOUS_MOVE = YES;
				CLANG_WARN_UNGUARDED_AVAILABILITY = YES_AGGRESSIVE;
				CLANG_WARN_UNREACHABLE_CODE = YES;
				CLANG_WARN__DUPLICATE_METHOD_MATCH = YES;
				CODE_SIGN_IDENTITY = "iPhone Developer";
				COPY_PHASE_STRIP = NO;
				DEBUG_INFORMATION_FORMAT = "dwarf-with-dsym";
				ENABLE_NS_ASSERTIONS = NO;
				ENABLE_STRICT_OBJC_MSGSEND = YES;
				GCC_C_LANGUAGE_STANDARD = gnu11;
				GCC_NO_COMMON_BLOCKS = YES;
				GCC_WARN_64_TO_32_BIT_CONVERSION = YES;
				GCC_WARN_ABOUT_RETURN_TYPE = YES_ERROR;
				GCC_WARN_UNDECLARED_SELECTOR = YES;
				GCC_WARN_UNINITIALIZED_AUTOS = YES_AGGRESSIVE;
				GCC_WARN_UNUSED_FUNCTION = YES;
				GCC_WARN_UNUSED_VARIABLE = YES;
				IPHONEOS_DEPLOYMENT_TARGET = 12.1;
				MTL_ENABLE_DEBUG_INFO = NO;
				MTL_FAST_MATH = YES;
				SDKROOT = iphoneos;
				VALIDATE_PRODUCT = YES;
			};
			name = Release;
		};
		2F22CB4F22409056008D9597 /* Debug */ = {
			isa = XCBuildConfiguration;
			buildSettings = {
				ASSETCATALOG_COMPILER_APPICON_NAME = AppIcon;
				CODE_SIGN_STYLE = Automatic;
				DEVELOPMENT_TEAM = Y4WAU7U64D;
				INFOPLIST_FILE = Test/Info.plist;
				LD_RUNPATH_SEARCH_PATHS = (
					"$(inherited)",
					"@executable_path/Frameworks",
				);
				PRODUCT_BUNDLE_IDENTIFIER = com.iCodeWoods.Test;
				PRODUCT_NAME = "$(TARGET_NAME)";
				TARGETED_DEVICE_FAMILY = "1,2";
			};
			name = Debug;
		};
		2F22CB5022409056008D9597 /* Release */ = {
			isa = XCBuildConfiguration;
			buildSettings = {
				ASSETCATALOG_COMPILER_APPICON_NAME = AppIcon;
				CODE_SIGN_STYLE = Automatic;
				DEVELOPMENT_TEAM = Y4WAU7U64D;
				INFOPLIST_FILE = Test/Info.plist;
				LD_RUNPATH_SEARCH_PATHS = (
					"$(inherited)",
					"@executable_path/Frameworks",
				);
				PRODUCT_BUNDLE_IDENTIFIER = com.iCodeWoods.Test;
				PRODUCT_NAME = "$(TARGET_NAME)";
				TARGETED_DEVICE_FAMILY = "1,2";
			};
			name = Release;
		};
		2F22CB5222409056008D9597 /* Debug */ = {
			isa = XCBuildConfiguration;
			buildSettings = {
				BUNDLE_LOADER = "$(TEST_HOST)";
				CODE_SIGN_STYLE = Automatic;
				DEVELOPMENT_TEAM = Y4WAU7U64D;
				INFOPLIST_FILE = TestTests/Info.plist;
				LD_RUNPATH_SEARCH_PATHS = (
					"$(inherited)",
					"@executable_path/Frameworks",
					"@loader_path/Frameworks",
				);
				PRODUCT_BUNDLE_IDENTIFIER = com.iCodeWoods.TestTests;
				PRODUCT_NAME = "$(TARGET_NAME)";
				TARGETED_DEVICE_FAMILY = "1,2";
				TEST_HOST = "$(BUILT_PRODUCTS_DIR)/Test.app/Test";
			};
			name = Debug;
		};
		2F22CB5322409056008D9597 /* Release */ = {
			isa = XCBuildConfiguration;
			buildSettings = {
				BUNDLE_LOADER = "$(TEST_HOST)";
				CODE_SIGN_STYLE = Automatic;
				DEVELOPMENT_TEAM = Y4WAU7U64D;
				INFOPLIST_FILE = TestTests/Info.plist;
				LD_RUNPATH_SEARCH_PATHS = (
					"$(inherited)",
					"@executable_path/Frameworks",
					"@loader_path/Frameworks",
				);
				PRODUCT_BUNDLE_IDENTIFIER = com.iCodeWoods.TestTests;
				PRODUCT_NAME = "$(TARGET_NAME)";
				TARGETED_DEVICE_FAMILY = "1,2";
				TEST_HOST = "$(BUILT_PRODUCTS_DIR)/Test.app/Test";
			};
			name = Release;
		};
		2F22CB5522409056008D9597 /* Debug */ = {
			isa = XCBuildConfiguration;
			buildSettings = {
				CODE_SIGN_STYLE = Automatic;
				DEVELOPMENT_TEAM = Y4WAU7U64D;
				INFOPLIST_FILE = TestUITests/Info.plist;
				LD_RUNPATH_SEARCH_PATHS = (
					"$(inherited)",
					"@executable_path/Frameworks",
					"@loader_path/Frameworks",
				);
				PRODUCT_BUNDLE_IDENTIFIER = com.iCodeWoods.TestUITests;
				PRODUCT_NAME = "$(TARGET_NAME)";
				TARGETED_DEVICE_FAMILY = "1,2";
				TEST_TARGET_NAME = Test;
			};
			name = Debug;
		};
		2F22CB5622409056008D9597 /* Release */ = {
			isa = XCBuildConfiguration;
			buildSettings = {
				CODE_SIGN_STYLE = Automatic;
				DEVELOPMENT_TEAM = Y4WAU7U64D;
				INFOPLIST_FILE = TestUITests/Info.plist;
				LD_RUNPATH_SEARCH_PATHS = (
					"$(inherited)",
					"@executable_path/Frameworks",
					"@loader_path/Frameworks",
				);
				PRODUCT_BUNDLE_IDENTIFIER = com.iCodeWoods.TestUITests;
				PRODUCT_NAME = "$(TARGET_NAME)";
				TARGETED_DEVICE_FAMILY = "1,2";
				TEST_TARGET_NAME = Test;
			};
			name = Release;
		};
/* End XCBuildConfiguration section */

/* Begin XCConfigurationList section */
		2F22CB1D22409054008D9597 /* Build configuration list for PBXProject "Test" */ = {
			isa = XCConfigurationList;
			buildConfigurations = (
				2F22CB4C22409056008D9597 /* Debug */,
				2F22CB4D22409056008D9597 /* Release */,
			);
			defaultConfigurationIsVisible = 0;
			defaultConfigurationName = Release;
		};
		2F22CB4E22409056008D9597 /* Build configuration list for PBXNativeTarget "Test" */ = {
			isa = XCConfigurationList;
			buildConfigurations = (
				2F22CB4F22409056008D9597 /* Debug */,
				2F22CB5022409056008D9597 /* Release */,
			);
			defaultConfigurationIsVisible = 0;
			defaultConfigurationName = Release;
		};
		2F22CB5122409056008D9597 /* Build configuration list for PBXNativeTarget "TestTests" */ = {
			isa = XCConfigurationList;
			buildConfigurations = (
				2F22CB5222409056008D9597 /* Debug */,
				2F22CB5322409056008D9597 /* Release */,
			);
			defaultConfigurationIsVisible = 0;
			defaultConfigurationName = Release;
		};
		2F22CB5422409056008D9597 /* Build configuration list for PBXNativeTarget "TestUITests" */ = {
			isa = XCConfigurationList;
			buildConfigurations = (
				2F22CB5522409056008D9597 /* Debug */,
				2F22CB5622409056008D9597 /* Release */,
			);
			defaultConfigurationIsVisible = 0;
			defaultConfigurationName = Release;
		};
/* End XCConfigurationList section */
	};
	rootObject = 2F22CB1A22409054008D9597 /* Project object */;
}
